Microsoft Visual Studio Solution File, Format Version 12.00
# Visual Studio Version 17
VisualStudioVersion = 17.5.2.0
MinimumVisualStudioVersion = 10.0.40219.1
Project("{FAE04EC0-301F-11D3-BF4B-00C04F79EFBC}") = "Lunaqua", "Lunaqua.csproj", "{20A0A45A-D55A-34EB-CAF1-49DA733A155E}"
EndProject
Global
	GlobalSection(SolutionConfigurationPlatforms) = preSolution
		Debug|Any CPU = Debug|Any CPU
		Release|Any CPU = Release|Any CPU
	EndGlobalSection
	GlobalSection(ProjectConfigurationPlatforms) = postSolution
		{20A0A45A-D55A-34EB-CAF1-49DA733A155E}.Debug|Any CPU.ActiveCfg = Debug|Any CPU
		{20A0A45A-D55A-34EB-CAF1-49DA733A155E}.Debug|Any CPU.Build.0 = Debug|Any CPU
		{20A0A45A-D55A-34EB-CAF1-49DA733A155E}.Release|Any CPU.ActiveCfg = Release|Any CPU
		{20A0A45A-D55A-34EB-CAF1-49DA733A155E}.Release|Any CPU.Build.0 = Release|Any CPU
	EndGlobalSection
	GlobalSection(SolutionProperties) = preSolution
		HideSolutionNode = FALSE
	EndGlobalSection
	GlobalSection(ExtensibilityGlobals) = postSolution
		SolutionGuid = {60C3A41B-11F9-48DB-BE71-F38BCD162CED}
	EndGlobalSection
EndGlobal
